
Microsoft Visual Studio Solution File, Format Version 12.00
# Visual Studio 15
VisualStudioVersion = 15.0.27428.2002
MinimumVisualStudioVersion = 10.0.40219.1
Project("{FAE04EC0-301F-11D3-BF4B-00C04F79EFBC}") = "MeusEstudos", "MeusEstudos\MeusEstudos.csproj", "{A645BF95-7C84-427E-9E43-BAA7BCB6938C}"
EndProject
Global
	GlobalSection(SolutionConfigurationPlatforms) = preSolution
		Debug|Any CPU = Debug|Any CPU
		Release|Any CPU = Release|Any CPU
	EndGlobalSection
	GlobalSection(ProjectConfigurationPlatforms) = postSolution
		{A645BF95-7C84-427E-9E43-BAA7BCB6938C}.Debug|Any CPU.ActiveCfg = Debug|Any CPU
		{A645BF95-7C84-427E-9E43-BAA7BCB6938C}.Debug|Any CPU.Build.0 = Debug|Any CPU
		{A645BF95-7C84-427E-9E43-BAA7BCB6938C}.Release|Any CPU.ActiveCfg = Release|Any CPU
		{A645BF95-7C84-427E-9E43-BAA7BCB6938C}.Release|Any CPU.Build.0 = Release|Any CPU
	EndGlobalSection
	GlobalSection(SolutionProperties) = preSolution
		HideSolutionNode = FALSE
	EndGlobalSection
	GlobalSection(ExtensibilityGlobals) = postSolution
		SolutionGuid = {5DE80C7F-A736-472C-B730-83636A65F8A2}
	EndGlobalSection
EndGlobal
